
Microsoft Visual Studio Solution File, Format Version 12.00
# Visual Studio 15
VisualStudioVersion = 15.0.26124.0
MinimumVisualStudioVersion = 15.0.26124.0
Project("{FAE04EC0-301F-11D3-BF4B-00C04F79EFBC}") = "RoadStatus.Console", "RoadStatus.Console\RoadStatus.Console.csproj", "{BA9D91D5-4CBE-4961-945E-B12EF2A20EB7}"
EndProject
Project("{FAE04EC0-301F-11D3-BF4B-00C04F79EFBC}") = "RoadStatus.Code", "RoadStatus.Code\RoadStatus.Code.csproj", "{CA095F68-8D7B-4884-A566-D2ED61ABFC2D}"
EndProject
Project("{FAE04EC0-301F-11D3-BF4B-00C04F79EFBC}") = "RoadStatus.Tests", "RoadStatus.Tests\RoadStatus.Tests.csproj", "{DAC8E00A-901A-4923-9053-93EC396296F6}"
EndProject
Global
	GlobalSection(SolutionProperties) = preSolution
		HideSolutionNode = FALSE
	EndGlobalSection
	GlobalSection(SolutionConfigurationPlatforms) = preSolution
		Debug|Any CPU = Debug|Any CPU
		Debug|x64 = Debug|x64
		Debug|x86 = Debug|x86
		Release|Any CPU = Release|Any CPU
		Release|x64 = Release|x64
		Release|x86 = Release|x86
	EndGlobalSection
	GlobalSection(ProjectConfigurationPlatforms) = postSolution
		{BA9D91D5-4CBE-4961-945E-B12EF2A20EB7}.Debug|Any CPU.ActiveCfg = Debug|Any CPU
		{BA9D91D5-4CBE-4961-945E-B12EF2A20EB7}.Debug|Any CPU.Build.0 = Debug|Any CPU
		{BA9D91D5-4CBE-4961-945E-B12EF2A20EB7}.Debug|x64.ActiveCfg = Debug|Any CPU
		{BA9D91D5-4CBE-4961-945E-B12EF2A20EB7}.Debug|x64.Build.0 = Debug|Any CPU
		{BA9D91D5-4CBE-4961-945E-B12EF2A20EB7}.Debug|x86.ActiveCfg = Debug|Any CPU
		{BA9D91D5-4CBE-4961-945E-B12EF2A20EB7}.Debug|x86.Build.0 = Debug|Any CPU
		{BA9D91D5-4CBE-4961-945E-B12EF2A20EB7}.Release|Any CPU.ActiveCfg = Release|Any CPU
		{BA9D91D5-4CBE-4961-945E-B12EF2A20EB7}.Release|Any CPU.Build.0 = Release|Any CPU
		{BA9D91D5-4CBE-4961-945E-B12EF2A20EB7}.Release|x64.ActiveCfg = Release|Any CPU
		{BA9D91D5-4CBE-4961-945E-B12EF2A20EB7}.Release|x64.Build.0 = Release|Any CPU
		{BA9D91D5-4CBE-4961-945E-B12EF2A20EB7}.Release|x86.ActiveCfg = Release|Any CPU
		{BA9D91D5-4CBE-4961-945E-B12EF2A20EB7}.Release|x86.Build.0 = Release|Any CPU
		{CA095F68-8D7B-4884-A566-D2ED61ABFC2D}.Debug|Any CPU.ActiveCfg = Debug|Any CPU
		{CA095F68-8D7B-4884-A566-D2ED61ABFC2D}.Debug|Any CPU.Build.0 = Debug|Any CPU
		{CA095F68-8D7B-4884-A566-D2ED61ABFC2D}.Debug|x64.ActiveCfg = Debug|Any CPU
		{CA095F68-8D7B-4884-A566-D2ED61ABFC2D}.Debug|x64.Build.0 = Debug|Any CPU
		{CA095F68-8D7B-4884-A566-D2ED61ABFC2D}.Debug|x86.ActiveCfg = Debug|Any CPU
		{CA095F68-8D7B-4884-A566-D2ED61ABFC2D}.Debug|x86.Build.0 = Debug|Any CPU
		{CA095F68-8D7B-4884-A566-D2ED61ABFC2D}.Release|Any CPU.ActiveCfg = Release|Any CPU
		{CA095F68-8D7B-4884-A566-D2ED61ABFC2D}.Release|Any CPU.Build.0 = Release|Any CPU
		{CA095F68-8D7B-4884-A566-D2ED61ABFC2D}.Release|x64.ActiveCfg = Release|Any CPU
		{CA095F68-8D7B-4884-A566-D2ED61ABFC2D}.Release|x64.Build.0 = Release|Any CPU
		{CA095F68-8D7B-4884-A566-D2ED61ABFC2D}.Release|x86.ActiveCfg = Release|Any CPU
		{CA095F68-8D7B-4884-A566-D2ED61ABFC2D}.Release|x86.Build.0 = Release|Any CPU
		{DAC8E00A-901A-4923-9053-93EC396296F6}.Debug|Any CPU.ActiveCfg = Debug|Any CPU
		{DAC8E00A-901A-4923-9053-93EC396296F6}.Debug|Any CPU.Build.0 = Debug|Any CPU
		{DAC8E00A-901A-4923-9053-93EC396296F6}.Debug|x64.ActiveCfg = Debug|Any CPU
		{DAC8E00A-901A-4923-9053-93EC396296F6}.Debug|x64.Build.0 = Debug|Any CPU
		{DAC8E00A-901A-4923-9053-93EC396296F6}.Debug|x86.ActiveCfg = Debug|Any CPU
		{DAC8E00A-901A-4923-9053-93EC396296F6}.Debug|x86.Build.0 = Debug|Any CPU
		{DAC8E00A-901A-4923-9053-93EC396296F6}.Release|Any CPU.ActiveCfg = Release|Any CPU
		{DAC8E00A-901A-4923-9053-93EC396296F6}.Release|Any CPU.Build.0 = Release|Any CPU
		{DAC8E00A-901A-4923-9053-93EC396296F6}.Release|x64.ActiveCfg = Release|Any CPU
		{DAC8E00A-901A-4923-9053-93EC396296F6}.Release|x64.Build.0 = Release|Any CPU
		{DAC8E00A-901A-4923-9053-93EC396296F6}.Release|x86.ActiveCfg = Release|Any CPU
		{DAC8E00A-901A-4923-9053-93EC396296F6}.Release|x86.Build.0 = Release|Any CPU
	EndGlobalSection
EndGlobal
